// !$*UTF8*$!
{
	archiveVersion = 1;
	classes = {
	};
	objectVersion = 70;
	objects = {

/* Begin PBXBuildFile section */
		289034692D256636007E6BF2 /* DormWash.xcdatamodeld in Sources */ = {isa = PBXBuildFile; fileRef = 289034682D256636007E6BF2 /* DormWash.xcdatamodeld */; };
		2890346A2D256636007E6BF2 /* DormWash.xcdatamodeld in Sources */ = {isa = PBXBuildFile; fileRef = 289034682D256636007E6BF2 /* DormWash.xcdatamodeld */; };
		A80F79C02C76897400E58A79 /* DormWashApp.swift in Sources */ = {isa = PBXBuildFile; fileRef = A80F79BF2C76897400E58A79 /* DormWashApp.swift */; };
		A80F79C42C76897700E58A79 /* Assets.xcassets in Resources */ = {isa = PBXBuildFile; fileRef = A80F79C32C76897700E58A79 /* Assets.xcassets */; };
		A80F79C72C76897700E58A79 /* Preview Assets.xcassets in Resources */ = {isa = PBXBuildFile; fileRef = A80F79C62C76897700E58A79 /* Preview Assets.xcassets */; };
		A80F79D02C768B8900E58A79 /* SwiftSoup in Frameworks */ = {isa = PBXBuildFile; productRef = A80F79CF2C768B8900E58A79 /* SwiftSoup */; };
		A815F86D2C7D219100785CE6 /* ContentView.swift in Sources */ = {isa = PBXBuildFile; fileRef = A80F79C12C76897400E58A79 /* ContentView.swift */; };
		A853D5132C79967C008E5C78 /* PersistenceController.swift in Sources */ = {isa = PBXBuildFile; fileRef = A853D5122C79967C008E5C78 /* PersistenceController.swift */; };
		A88031382C7E4F1F00E10E01 /* WidgetKit.framework in Frameworks */ = {isa = PBXBuildFile; fileRef = A815F8422C7D160300785CE6 /* WidgetKit.framework */; };
		A88031392C7E4F1F00E10E01 /* SwiftUI.framework in Frameworks */ = {isa = PBXBuildFile; fileRef = A815F8442C7D160300785CE6 /* SwiftUI.framework */; };
		A880313C2C7E4F1F00E10E01 /* CardStatusWidgetBundle.swift in Sources */ = {isa = PBXBuildFile; fileRef = A880313B2C7E4F1F00E10E01 /* CardStatusWidgetBundle.swift */; };
		A88031402C7E4F1F00E10E01 /* CardStatusWidget.swift in Sources */ = {isa = PBXBuildFile; fileRef = A880313F2C7E4F1F00E10E01 /* CardStatusWidget.swift */; };
		A88031422C7E4F2300E10E01 /* Assets.xcassets in Resources */ = {isa = PBXBuildFile; fileRef = A88031412C7E4F2300E10E01 /* Assets.xcassets */; };
		A88031462C7E4F2300E10E01 /* CardStatusWidgetExtension.appex in Embed Foundation Extensions */ = {isa = PBXBuildFile; fileRef = A88031372C7E4F1F00E10E01 /* CardStatusWidgetExtension.appex */; settings = {ATTRIBUTES = (RemoveHeadersOnCopy, ); }; };
		A880314B2C7E4FE600E10E01 /* CardStatusWidgetEntryView.swift in Sources */ = {isa = PBXBuildFile; fileRef = A880314A2C7E4FE600E10E01 /* CardStatusWidgetEntryView.swift */; };
		A8BC765D2CB45568004DC661 /* SwiftSoup in Frameworks */ = {isa = PBXBuildFile; productRef = A8BC765C2CB45568004DC661 /* SwiftSoup */; };
/* End PBXBuildFile section */

/* Begin PBXContainerItemProxy section */
		A88031442C7E4F2300E10E01 /* PBXContainerItemProxy */ = {
			isa = PBXContainerItemProxy;
			containerPortal = A80F79B42C76897400E58A79 /* Project object */;
			proxyType = 1;
			remoteGlobalIDString = A88031362C7E4F1F00E10E01;
			remoteInfo = CardStatusWidgetExtension;
		};
/* End PBXContainerItemProxy section */

/* Begin PBXCopyFilesBuildPhase section */
		A815F8532C7D160800785CE6 /* Embed Foundation Extensions */ = {
			isa = PBXCopyFilesBuildPhase;
			buildActionMask = 2147483647;
			dstPath = "";
			dstSubfolderSpec = 13;
			files = (
				A88031462C7E4F2300E10E01 /* CardStatusWidgetExtension.appex in Embed Foundation Extensions */,
			);
			name = "Embed Foundation Extensions";
			runOnlyForDeploymentPostprocessing = 0;
		};
/* End PBXCopyFilesBuildPhase section */

/* Begin PBXFileReference section */
		2890346B2D25664A007E6BF2 /* Model.xcdatamodel */ = {isa = PBXFileReference; lastKnownFileType = wrapper.xcdatamodel; path = Model.xcdatamodel; sourceTree = "<group>"; };
		A80F79BC2C76897400E58A79 /* DormWash.app */ = {isa = PBXFileReference; explicitFileType = wrapper.application; includeInIndex = 0; path = DormWash.app; sourceTree = BUILT_PRODUCTS_DIR; };
		A80F79BF2C76897400E58A79 /* DormWashApp.swift */ = {isa = PBXFileReference; lastKnownFileType = sourcecode.swift; path = DormWashApp.swift; sourceTree = "<group>"; };
		A80F79C12C76897400E58A79 /* ContentView.swift */ = {isa = PBXFileReference; lastKnownFileType = sourcecode.swift; path = ContentView.swift; sourceTree = "<group>"; };
		A80F79C32C76897700E58A79 /* Assets.xcassets */ = {isa = PBXFileReference; lastKnownFileType = folder.assetcatalog; path = Assets.xcassets; sourceTree = "<group>"; };
		A80F79C62C76897700E58A79 /* Preview Assets.xcassets */ = {isa = PBXFileReference; lastKnownFileType = folder.assetcatalog; path = "Preview Assets.xcassets"; sourceTree = "<group>"; };
		A815F8422C7D160300785CE6 /* WidgetKit.framework */ = {isa = PBXFileReference; lastKnownFileType = wrapper.framework; name = WidgetKit.framework; path = System/Library/Frameworks/WidgetKit.framework; sourceTree = SDKROOT; };
		A815F8442C7D160300785CE6 /* SwiftUI.framework */ = {isa = PBXFileReference; lastKnownFileType = wrapper.framework; name = SwiftUI.framework; path = System/Library/Frameworks/SwiftUI.framework; sourceTree = SDKROOT; };
		A853D5122C79967C008E5C78 /* PersistenceController.swift */ = {isa = PBXFileReference; lastKnownFileType = sourcecode.swift; path = PersistenceController.swift; sourceTree = "<group>"; };
		A88031372C7E4F1F00E10E01 /* CardStatusWidgetExtension.appex */ = {isa = PBXFileReference; explicitFileType = "wrapper.app-extension"; includeInIndex = 0; path = CardStatusWidgetExtension.appex; sourceTree = BUILT_PRODUCTS_DIR; };
		A880313B2C7E4F1F00E10E01 /* CardStatusWidgetBundle.swift */ = {isa = PBXFileReference; lastKnownFileType = sourcecode.swift; path = CardStatusWidgetBundle.swift; sourceTree = "<group>"; };
		A880313F2C7E4F1F00E10E01 /* CardStatusWidget.swift */ = {isa = PBXFileReference; lastKnownFileType = sourcecode.swift; path = CardStatusWidget.swift; sourceTree = "<group>"; };
		A88031412C7E4F2300E10E01 /* Assets.xcassets */ = {isa = PBXFileReference; lastKnownFileType = folder.assetcatalog; path = Assets.xcassets; sourceTree = "<group>"; };
		A88031432C7E4F2300E10E01 /* Info.plist */ = {isa = PBXFileReference; lastKnownFileType = text.plist.xml; path = Info.plist; sourceTree = "<group>"; };
		A880314A2C7E4FE600E10E01 /* CardStatusWidgetEntryView.swift */ = {isa = PBXFileReference; lastKnownFileType = sourcecode.swift; path = CardStatusWidgetEntryView.swift; sourceTree = "<group>"; };
		A880314E2C7E556200E10E01 /* CardStatusWidgetExtension.entitlements */ = {isa = PBXFileReference; lastKnownFileType = text.plist.entitlements; path = CardStatusWidgetExtension.entitlements; sourceTree = "<group>"; };
		A8DAC7B02CA1F392005C95C6 /* Info.plist */ = {isa = PBXFileReference; lastKnownFileType = text.plist.xml; path = Info.plist; sourceTree = "<group>"; };
/* End PBXFileReference section */

/* Begin PBXFileSystemSynchronizedRootGroup section */
		283497362D1539A60019D233 /* Model */ = {isa = PBXFileSystemSynchronizedRootGroup; explicitFileTypes = {}; explicitFolders = (); path = Model; sourceTree = "<group>"; };
		283497372D1539BF0019D233 /* ViewModel */ = {isa = PBXFileSystemSynchronizedRootGroup; explicitFileTypes = {}; explicitFolders = (); path = ViewModel; sourceTree = "<group>"; };
		283497382D1539D00019D233 /* View */ = {isa = PBXFileSystemSynchronizedRootGroup; explicitFileTypes = {}; explicitFolders = (); path = View; sourceTree = "<group>"; };
/* End PBXFileSystemSynchronizedRootGroup section */

/* Begin PBXFrameworksBuildPhase section */
		A80F79B92C76897400E58A79 /* Frameworks */ = {
			isa = PBXFrameworksBuildPhase;
			buildActionMask = 2147483647;
			files = (
				A80F79D02C768B8900E58A79 /* SwiftSoup in Frameworks */,
			);
			runOnlyForDeploymentPostprocessing = 0;
		};
		A88031342C7E4F1F00E10E01 /* Frameworks */ = {
			isa = PBXFrameworksBuildPhase;
			buildActionMask = 2147483647;
			files = (
				A88031392C7E4F1F00E10E01 /* SwiftUI.framework in Frameworks */,
				A88031382C7E4F1F00E10E01 /* WidgetKit.framework in Frameworks */,
				A8BC765D2CB45568004DC661 /* SwiftSoup in Frameworks */,
			);
			runOnlyForDeploymentPostprocessing = 0;
		};
/* End PBXFrameworksBuildPhase section */

/* Begin PBXGroup section */
		A80F79B32C76897400E58A79 = {
			isa = PBXGroup;
			children = (
				A880314E2C7E556200E10E01 /* CardStatusWidgetExtension.entitlements */,
				A80F79BE2C76897400E58A79 /* DormWash */,
				A880313A2C7E4F1F00E10E01 /* CardStatusWidget */,
				A815F8412C7D160300785CE6 /* Frameworks */,
				A80F79BD2C76897400E58A79 /* Products */,
			);
			sourceTree = "<group>";
		};
		A80F79BD2C76897400E58A79 /* Products */ = {
			isa = PBXGroup;
			children = (
				A80F79BC2C76897400E58A79 /* DormWash.app */,
				A88031372C7E4F1F00E10E01 /* CardStatusWidgetExtension.appex */,
			);
			name = Products;
			sourceTree = "<group>";
		};
		A80F79BE2C76897400E58A79 /* DormWash */ = {
			isa = PBXGroup;
			children = (
				283497382D1539D00019D233 /* View */,
				283497372D1539BF0019D233 /* ViewModel */,
				283497362D1539A60019D233 /* Model */,
				289034682D256636007E6BF2 /* DormWash.xcdatamodeld */,
				A80F79C12C76897400E58A79 /* ContentView.swift */,
				A853D5122C79967C008E5C78 /* PersistenceController.swift */,
				A80F79BF2C76897400E58A79 /* DormWashApp.swift */,
				A8DAC7B02CA1F392005C95C6 /* Info.plist */,
				A80F79C32C76897700E58A79 /* Assets.xcassets */,
				A80F79C52C76897700E58A79 /* Preview Content */,
			);
			path = DormWash;
			sourceTree = "<group>";
		};
		A80F79C52C76897700E58A79 /* Preview Content */ = {
			isa = PBXGroup;
			children = (
				A80F79C62C76897700E58A79 /* Preview Assets.xcassets */,
			);
			path = "Preview Content";
			sourceTree = "<group>";
		};
		A815F8412C7D160300785CE6 /* Frameworks */ = {
			isa = PBXGroup;
			children = (
				A815F8422C7D160300785CE6 /* WidgetKit.framework */,
				A815F8442C7D160300785CE6 /* SwiftUI.framework */,
			);
			name = Frameworks;
			sourceTree = "<group>";
		};
		A880313A2C7E4F1F00E10E01 /* CardStatusWidget */ = {
			isa = PBXGroup;
			children = (
				A880313B2C7E4F1F00E10E01 /* CardStatusWidgetBundle.swift */,
				A880313F2C7E4F1F00E10E01 /* CardStatusWidget.swift */,
				A88031412C7E4F2300E10E01 /* Assets.xcassets */,
				A88031432C7E4F2300E10E01 /* Info.plist */,
				A880314A2C7E4FE600E10E01 /* CardStatusWidgetEntryView.swift */,
			);
			path = CardStatusWidget;
			sourceTree = "<group>";
		};
/* End PBXGroup section */

/* Begin PBXNativeTarget section */
		A80F79BB2C76897400E58A79 /* DormWash */ = {
			isa = PBXNativeTarget;
			buildConfigurationList = A80F79CA2C76897700E58A79 /* Build configuration list for PBXNativeTarget "DormWash" */;
			buildPhases = (
				A80F79B82C76897400E58A79 /* Sources */,
				A80F79B92C76897400E58A79 /* Frameworks */,
				A80F79BA2C76897400E58A79 /* Resources */,
				A815F8532C7D160800785CE6 /* Embed Foundation Extensions */,
			);
			buildRules = (
			);
			dependencies = (
				A88031452C7E4F2300E10E01 /* PBXTargetDependency */,
			);
			fileSystemSynchronizedGroups = (
				283497362D1539A60019D233 /* Model */,
				283497372D1539BF0019D233 /* ViewModel */,
				283497382D1539D00019D233 /* View */,
			);
			name = DormWash;
			packageProductDependencies = (
				A80F79CF2C768B8900E58A79 /* SwiftSoup */,
			);
			productName = DormWash;
			productReference = A80F79BC2C76897400E58A79 /* DormWash.app */;
			productType = "com.apple.product-type.application";
		};
		A88031362C7E4F1F00E10E01 /* CardStatusWidgetExtension */ = {
			isa = PBXNativeTarget;
			buildConfigurationList = A88031492C7E4F2300E10E01 /* Build configuration list for PBXNativeTarget "CardStatusWidgetExtension" */;
			buildPhases = (
				A88031332C7E4F1F00E10E01 /* Sources */,
				A88031342C7E4F1F00E10E01 /* Frameworks */,
				A88031352C7E4F1F00E10E01 /* Resources */,
			);
			buildRules = (
			);
			dependencies = (
			);
			name = CardStatusWidgetExtension;
			productName = CardStatusWidgetExtension;
			productReference = A88031372C7E4F1F00E10E01 /* CardStatusWidgetExtension.appex */;
			productType = "com.apple.product-type.app-extension";
		};
/* End PBXNativeTarget section */

/* Begin PBXProject section */
		A80F79B42C76897400E58A79 /* Project object */ = {
			isa = PBXProject;
			attributes = {
				BuildIndependentTargetsInParallel = 1;
				LastSwiftUpdateCheck = 1540;
				LastUpgradeCheck = 1600;
				TargetAttributes = {
					A80F79BB2C76897400E58A79 = {
						CreatedOnToolsVersion = 15.4;
					};
					A88031362C7E4F1F00E10E01 = {
						CreatedOnToolsVersion = 15.4;
					};
				};
			};
			buildConfigurationList = A80F79B72C76897400E58A79 /* Build configuration list for PBXProject "DormWash" */;
			compatibilityVersion = "Xcode 14.0";
			developmentRegion = en;
			hasScannedForEncodings = 0;
			knownRegions = (
				en,
				Base,
			);
			mainGroup = A80F79B32C76897400E58A79;
			packageReferences = (
				A80F79CE2C768B8900E58A79 /* XCRemoteSwiftPackageReference "SwiftSoup" */,
			);
			productRefGroup = A80F79BD2C76897400E58A79 /* Products */;
			projectDirPath = "";
			projectRoot = "";
			targets = (
				A80F79BB2C76897400E58A79 /* DormWash */,
				A88031362C7E4F1F00E10E01 /* CardStatusWidgetExtension */,
			);
		};
/* End PBXProject section */

/* Begin PBXResourcesBuildPhase section */
		A80F79BA2C76897400E58A79 /* Resources */ = {
			isa = PBXResourcesBuildPhase;
			buildActionMask = 2147483647;
			files = (
				A80F79C72C76897700E58A79 /* Preview Assets.xcassets in Resources */,
				A80F79C42C76897700E58A79 /* Assets.xcassets in Resources */,
			);
			runOnlyForDeploymentPostprocessing = 0;
		};
		A88031352C7E4F1F00E10E01 /* Resources */ = {
			isa = PBXResourcesBuildPhase;
			buildActionMask = 2147483647;
			files = (
				A88031422C7E4F2300E10E01 /* Assets.xcassets in Resources */,
			);
			runOnlyForDeploymentPostprocessing = 0;
		};
/* End PBXResourcesBuildPhase section */

/* Begin PBXSourcesBuildPhase section */
		A80F79B82C76897400E58A79 /* Sources */ = {
			isa = PBXSourcesBuildPhase;
			buildActionMask = 2147483647;
			files = (
				A853D5132C79967C008E5C78 /* PersistenceController.swift in Sources */,
				A815F86D2C7D219100785CE6 /* ContentView.swift in Sources */,
				A80F79C02C76897400E58A79 /* DormWashApp.swift in Sources */,
				289034692D256636007E6BF2 /* DormWash.xcdatamodeld in Sources */,
			);
			runOnlyForDeploymentPostprocessing = 0;
		};
		A88031332C7E4F1F00E10E01 /* Sources */ = {
			isa = PBXSourcesBuildPhase;
			buildActionMask = 2147483647;
			files = (
				A880314B2C7E4FE600E10E01 /* CardStatusWidgetEntryView.swift in Sources */,
				A880313C2C7E4F1F00E10E01 /* CardStatusWidgetBundle.swift in Sources */,
				2890346A2D256636007E6BF2 /* DormWash.xcdatamodeld in Sources */,
				A88031402C7E4F1F00E10E01 /* CardStatusWidget.swift in Sources */,
			);
			runOnlyForDeploymentPostprocessing = 0;
		};
/* End PBXSourcesBuildPhase section */

/* Begin PBXTargetDependency section */
		A88031452C7E4F2300E10E01 /* PBXTargetDependency */ = {
			isa = PBXTargetDependency;
			target = A88031362C7E4F1F00E10E01 /* CardStatusWidgetExtension */;
			targetProxy = A88031442C7E4F2300E10E01 /* PBXContainerItemProxy */;
		};
/* End PBXTargetDependency section */

/* Begin XCBuildConfiguration section */
		A80F79C82C76897700E58A79 /* Debug */ = {
			isa = XCBuildConfiguration;
			buildSettings = {
				ALWAYS_SEARCH_USER_PATHS = NO;
				ASSETCATALOG_COMPILER_GENERATE_SWIFT_ASSET_SYMBOL_EXTENSIONS = YES;
				CLANG_ANALYZER_NONNULL = YES;
				CLANG_ANALYZER_NUMBER_OBJECT_CONVERSION = YES_AGGRESSIVE;
				CLANG_CXX_LANGUAGE_STANDARD = "gnu++20";
				CLANG_ENABLE_MODULES = YES;
				CLANG_ENABLE_OBJC_ARC = YES;
				CLANG_ENABLE_OBJC_WEAK = YES;
				CLANG_WARN_BLOCK_CAPTURE_AUTORELEASING = YES;
				CLANG_WARN_BOOL_CONVERSION = YES;
				CLANG_WARN_COMMA = YES;
				CLANG_WARN_CONSTANT_CONVERSION = YES;
				CLANG_WARN_DEPRECATED_OBJC_IMPLEMENTATIONS = YES;
				CLANG_WARN_DIRECT_OBJC_ISA_USAGE = YES_ERROR;
				CLANG_WARN_DOCUMENTATION_COMMENTS = YES;
				CLANG_WARN_EMPTY_BODY = YES;
				CLANG_WARN_ENUM_CONVERSION = YES;
				CLANG_WARN_INFINITE_RECURSION = YES;
				CLANG_WARN_INT_CONVERSION = YES;
				CLANG_WARN_NON_LITERAL_NULL_CONVERSION = YES;
				CLANG_WARN_OBJC_IMPLICIT_RETAIN_SELF = YES;
				CLANG_WARN_OBJC_LITERAL_CONVERSION = YES;
				CLANG_WARN_OBJC_ROOT_CLASS = YES_ERROR;
				CLANG_WARN_QUOTED_INCLUDE_IN_FRAMEWORK_HEADER = YES;
				CLANG_WARN_RANGE_LOOP_ANALYSIS = YES;
				CLANG_WARN_STRICT_PROTOTYPES = YES;
				CLANG_WARN_SUSPICIOUS_MOVE = YES;
				CLANG_WARN_UNGUARDED_AVAILABILITY = YES_AGGRESSIVE;
				CLANG_WARN_UNREACHABLE_CODE = YES;
				CLANG_WARN__DUPLICATE_METHOD_MATCH = YES;
				COPY_PHASE_STRIP = NO;
				DEBUG_INFORMATION_FORMAT = dwarf;
				ENABLE_STRICT_OBJC_MSGSEND = YES;
				ENABLE_TESTABILITY = YES;
				ENABLE_USER_SCRIPT_SANDBOXING = YES;
				GCC_C_LANGUAGE_STANDARD = gnu17;
				GCC_DYNAMIC_NO_PIC = NO;
				GCC_NO_COMMON_BLOCKS = YES;
				GCC_OPTIMIZATION_LEVEL = 0;
				GCC_PREPROCESSOR_DEFINITIONS = (
					"DEBUG=1",
					"$(inherited)",
				);
				GCC_WARN_64_TO_32_BIT_CONVERSION = YES;
				GCC_WARN_ABOUT_RETURN_TYPE = YES_ERROR;
				GCC_WARN_UNDECLARED_SELECTOR = YES;
				GCC_WARN_UNINITIALIZED_AUTOS = YES_AGGRESSIVE;
				GCC_WARN_UNUSED_FUNCTION = YES;
				GCC_WARN_UNUSED_VARIABLE = YES;
				IPHONEOS_DEPLOYMENT_TARGET = 17.5;
				LOCALIZATION_PREFERS_STRING_CATALOGS = YES;
				MTL_ENABLE_DEBUG_INFO = INCLUDE_SOURCE;
				MTL_FAST_MATH = YES;
				ONLY_ACTIVE_ARCH = YES;
				SDKROOT = iphoneos;
				SWIFT_ACTIVE_COMPILATION_CONDITIONS = "DEBUG $(inherited)";
				SWIFT_OPTIMIZATION_LEVEL = "-Onone";
			};
			name = Debug;
		};
		A80F79C92C76897700E58A79 /* Release */ = {
			isa = XCBuildConfiguration;
			buildSettings = {
				ALWAYS_SEARCH_USER_PATHS = NO;
				ASSETCATALOG_COMPILER_GENERATE_SWIFT_ASSET_SYMBOL_EXTENSIONS = YES;
				CLANG_ANALYZER_NONNULL = YES;
				CLANG_ANALYZER_NUMBER_OBJECT_CONVERSION = YES_AGGRESSIVE;
				CLANG_CXX_LANGUAGE_STANDARD = "gnu++20";
				CLANG_ENABLE_MODULES = YES;
				CLANG_ENABLE_OBJC_ARC = YES;
				CLANG_ENABLE_OBJC_WEAK = YES;
				CLANG_WARN_BLOCK_CAPTURE_AUTORELEASING = YES;
				CLANG_WARN_BOOL_CONVERSION = YES;
				CLANG_WARN_COMMA = YES;
				CLANG_WARN_CONSTANT_CONVERSION = YES;
				CLANG_WARN_DEPRECATED_OBJC_IMPLEMENTATIONS = YES;
				CLANG_WARN_DIRECT_OBJC_ISA_USAGE = YES_ERROR;
				CLANG_WARN_DOCUMENTATION_COMMENTS = YES;
				CLANG_WARN_EMPTY_BODY = YES;
				CLANG_WARN_ENUM_CONVERSION = YES;
				CLANG_WARN_INFINITE_RECURSION = YES;
				CLANG_WARN_INT_CONVERSION = YES;
				CLANG_WARN_NON_LITERAL_NULL_CONVERSION = YES;
				CLANG_WARN_OBJC_IMPLICIT_RETAIN_SELF = YES;
				CLANG_WARN_OBJC_LITERAL_CONVERSION = YES;
				CLANG_WARN_OBJC_ROOT_CLASS = YES_ERROR;
				CLANG_WARN_QUOTED_INCLUDE_IN_FRAMEWORK_HEADER = YES;
				CLANG_WARN_RANGE_LOOP_ANALYSIS = YES;
				CLANG_WARN_STRICT_PROTOTYPES = YES;
				CLANG_WARN_SUSPICIOUS_MOVE = YES;
				CLANG_WARN_UNGUARDED_AVAILABILITY = YES_AGGRESSIVE;
				CLANG_WARN_UNREACHABLE_CODE = YES;
				CLANG_WARN__DUPLICATE_METHOD_MATCH = YES;
				COPY_PHASE_STRIP = NO;
				DEBUG_INFORMATION_FORMAT = "dwarf-with-dsym";
				ENABLE_NS_ASSERTIONS = NO;
				ENABLE_STRICT_OBJC_MSGSEND = YES;
				ENABLE_USER_SCRIPT_SANDBOXING = YES;
				GCC_C_LANGUAGE_STANDARD = gnu17;
				GCC_NO_COMMON_BLOCKS = YES;
				GCC_WARN_64_TO_32_BIT_CONVERSION = YES;
				GCC_WARN_ABOUT_RETURN_TYPE = YES_ERROR;
				GCC_WARN_UNDECLARED_SELECTOR = YES;
				GCC_WARN_UNINITIALIZED_AUTOS = YES_AGGRESSIVE;
				GCC_WARN_UNUSED_FUNCTION = YES;
				GCC_WARN_UNUSED_VARIABLE = YES;
				IPHONEOS_DEPLOYMENT_TARGET = 17.5;
				LOCALIZATION_PREFERS_STRING_CATALOGS = YES;
				MTL_ENABLE_DEBUG_INFO = NO;
				MTL_FAST_MATH = YES;
				SDKROOT = iphoneos;
				SWIFT_COMPILATION_MODE = wholemodule;
				VALIDATE_PRODUCT = YES;
			};
			name = Release;
		};
		A80F79CB2C76897700E58A79 /* Debug */ = {
			isa = XCBuildConfiguration;
			buildSettings = {
				ASSETCATALOG_COMPILER_APPICON_NAME = AppIcon;
				ASSETCATALOG_COMPILER_GLOBAL_ACCENT_COLOR_NAME = AccentColor;
				CODE_SIGN_STYLE = Automatic;
				CURRENT_PROJECT_VERSION = 1;
				DEVELOPMENT_ASSET_PATHS = "\"DormWash/Preview Content\"";
				DEVELOPMENT_TEAM = FK4VB24PPQ;
				ENABLE_PREVIEWS = YES;
				GENERATE_INFOPLIST_FILE = YES;
				INFOPLIST_FILE = DormWash/Info.plist;
				INFOPLIST_KEY_UIApplicationSceneManifest_Generation = YES;
				INFOPLIST_KEY_UIApplicationSupportsIndirectInputEvents = YES;
				INFOPLIST_KEY_UILaunchScreen_Generation = YES;
				INFOPLIST_KEY_UISupportedInterfaceOrientations_iPad = "UIInterfaceOrientationPortrait UIInterfaceOrientationPortraitUpsideDown UIInterfaceOrientationLandscapeLeft UIInterfaceOrientationLandscapeRight";
				INFOPLIST_KEY_UISupportedInterfaceOrientations_iPhone = "UIInterfaceOrientationPortrait UIInterfaceOrientationLandscapeLeft UIInterfaceOrientationLandscapeRight";
				LD_RUNPATH_SEARCH_PATHS = (
					"$(inherited)",
					"@executable_path/Frameworks",
				);
				MARKETING_VERSION = 1.0;
				PRODUCT_BUNDLE_IDENTIFIER = ghghg.DormWash;
				PRODUCT_NAME = "$(TARGET_NAME)";
				SUPPORTED_PLATFORMS = "iphoneos iphonesimulator";
				SUPPORTS_MACCATALYST = NO;
				SUPPORTS_MAC_DESIGNED_FOR_IPHONE_IPAD = NO;
				SUPPORTS_XR_DESIGNED_FOR_IPHONE_IPAD = NO;
				SWIFT_EMIT_LOC_STRINGS = YES;
				SWIFT_VERSION = 5.0;
				TARGETED_DEVICE_FAMILY = 1;
			};
			name = Debug;
		};
		A80F79CC2C76897700E58A79 /* Release */ = {
			isa = XCBuildConfiguration;
			buildSettings = {
				ASSETCATALOG_COMPILER_APPICON_NAME = AppIcon;
				ASSETCATALOG_COMPILER_GLOBAL_ACCENT_COLOR_NAME = AccentColor;
				CODE_SIGN_STYLE = Automatic;
				CURRENT_PROJECT_VERSION = 1;
				DEVELOPMENT_ASSET_PATHS = "\"DormWash/Preview Content\"";
				DEVELOPMENT_TEAM = FK4VB24PPQ;
				ENABLE_PREVIEWS = YES;
				GENERATE_INFOPLIST_FILE = YES;
				INFOPLIST_FILE = DormWash/Info.plist;
				INFOPLIST_KEY_UIApplicationSceneManifest_Generation = YES;
				INFOPLIST_KEY_UIApplicationSupportsIndirectInputEvents = YES;
				INFOPLIST_KEY_UILaunchScreen_Generation = YES;
				INFOPLIST_KEY_UISupportedInterfaceOrientations_iPad = "UIInterfaceOrientationPortrait UIInterfaceOrientationPortraitUpsideDown UIInterfaceOrientationLandscapeLeft UIInterfaceOrientationLandscapeRight";
				INFOPLIST_KEY_UISupportedInterfaceOrientations_iPhone = "UIInterfaceOrientationPortrait UIInterfaceOrientationLandscapeLeft UIInterfaceOrientationLandscapeRight";
				LD_RUNPATH_SEARCH_PATHS = (
					"$(inherited)",
					"@executable_path/Frameworks",
				);
				MARKETING_VERSION = 1.0;
				PRODUCT_BUNDLE_IDENTIFIER = bogdik.DormWash;
				PRODUCT_NAME = "$(TARGET_NAME)";
				SUPPORTED_PLATFORMS = "iphoneos iphonesimulator";
				SUPPORTS_MACCATALYST = NO;
				SUPPORTS_MAC_DESIGNED_FOR_IPHONE_IPAD = NO;
				SUPPORTS_XR_DESIGNED_FOR_IPHONE_IPAD = NO;
				SWIFT_EMIT_LOC_STRINGS = YES;
				SWIFT_VERSION = 5.0;
				TARGETED_DEVICE_FAMILY = 1;
			};
			name = Release;
		};
		A88031472C7E4F2300E10E01 /* Debug */ = {
			isa = XCBuildConfiguration;
			buildSettings = {
				ASSETCATALOG_COMPILER_GLOBAL_ACCENT_COLOR_NAME = AccentColor;
				ASSETCATALOG_COMPILER_WIDGET_BACKGROUND_COLOR_NAME = WidgetBackground;
				CODE_SIGN_ENTITLEMENTS = CardStatusWidgetExtension.entitlements;
				CODE_SIGN_STYLE = Automatic;
				CURRENT_PROJECT_VERSION = 1;
				DEVELOPMENT_TEAM = FK4VB24PPQ;
				GENERATE_INFOPLIST_FILE = YES;
				INFOPLIST_FILE = CardStatusWidget/Info.plist;
				INFOPLIST_KEY_CFBundleDisplayName = CardStatusWidget;
				INFOPLIST_KEY_NSHumanReadableCopyright = "";
				LD_RUNPATH_SEARCH_PATHS = (
					"$(inherited)",
					"@executable_path/Frameworks",
					"@executable_path/../../Frameworks",
				);
				MARKETING_VERSION = 1.0;
				PRODUCT_BUNDLE_IDENTIFIER = ghghg.DormWash.CardStatusWidget;
				PRODUCT_NAME = "$(TARGET_NAME)";
				SKIP_INSTALL = YES;
				SUPPORTED_PLATFORMS = "iphoneos iphonesimulator";
				SUPPORTS_MACCATALYST = NO;
				SUPPORTS_MAC_DESIGNED_FOR_IPHONE_IPAD = NO;
				SUPPORTS_XR_DESIGNED_FOR_IPHONE_IPAD = NO;
				SWIFT_EMIT_LOC_STRINGS = YES;
				SWIFT_VERSION = 5.0;
				TARGETED_DEVICE_FAMILY = 1;
			};
			name = Debug;
		};
		A88031482C7E4F2300E10E01 /* Release */ = {
			isa = XCBuildConfiguration;
			buildSettings = {
				ASSETCATALOG_COMPILER_GLOBAL_ACCENT_COLOR_NAME = AccentColor;
				ASSETCATALOG_COMPILER_WIDGET_BACKGROUND_COLOR_NAME = WidgetBackground;
				CODE_SIGN_ENTITLEMENTS = CardStatusWidgetExtension.entitlements;
				CODE_SIGN_STYLE = Automatic;
				CURRENT_PROJECT_VERSION = 1;
				DEVELOPMENT_TEAM = FK4VB24PPQ;
				GENERATE_INFOPLIST_FILE = YES;
				INFOPLIST_FILE = CardStatusWidget/Info.plist;
				INFOPLIST_KEY_CFBundleDisplayName = CardStatusWidget;
				INFOPLIST_KEY_NSHumanReadableCopyright = "";
				LD_RUNPATH_SEARCH_PATHS = (
					"$(inherited)",
					"@executable_path/Frameworks",
					"@executable_path/../../Frameworks",
				);
				MARKETING_VERSION = 1.0;
				PRODUCT_BUNDLE_IDENTIFIER = bogdik.DormWash.CardStatusWidget;
				PRODUCT_NAME = "$(TARGET_NAME)";
				SKIP_INSTALL = YES;
				SUPPORTED_PLATFORMS = "iphoneos iphonesimulator";
				SUPPORTS_MACCATALYST = NO;
				SUPPORTS_MAC_DESIGNED_FOR_IPHONE_IPAD = NO;
				SUPPORTS_XR_DESIGNED_FOR_IPHONE_IPAD = NO;
				SWIFT_EMIT_LOC_STRINGS = YES;
				SWIFT_VERSION = 5.0;
				TARGETED_DEVICE_FAMILY = 1;
			};
			name = Release;
		};
/* End XCBuildConfiguration section */

/* Begin XCConfigurationList section */
		A80F79B72C76897400E58A79 /* Build configuration list for PBXProject "DormWash" */ = {
			isa = XCConfigurationList;
			buildConfigurations = (
				A80F79C82C76897700E58A79 /* Debug */,
				A80F79C92C76897700E58A79 /* Release */,
			);
			defaultConfigurationIsVisible = 0;
			defaultConfigurationName = Release;
		};
		A80F79CA2C76897700E58A79 /* Build configuration list for PBXNativeTarget "DormWash" */ = {
			isa = XCConfigurationList;
			buildConfigurations = (
				A80F79CB2C76897700E58A79 /* Debug */,
				A80F79CC2C76897700E58A79 /* Release */,
			);
			defaultConfigurationIsVisible = 0;
			defaultConfigurationName = Release;
		};
		A88031492C7E4F2300E10E01 /* Build configuration list for PBXNativeTarget "CardStatusWidgetExtension" */ = {
			isa = XCConfigurationList;
			buildConfigurations = (
				A88031472C7E4F2300E10E01 /* Debug */,
				A88031482C7E4F2300E10E01 /* Release */,
			);
			defaultConfigurationIsVisible = 0;
			defaultConfigurationName = Release;
		};
/* End XCConfigurationList section */

/* Begin XCRemoteSwiftPackageReference section */
		A80F79CE2C768B8900E58A79 /* XCRemoteSwiftPackageReference "SwiftSoup" */ = {
			isa = XCRemoteSwiftPackageReference;
			repositoryURL = "https://github.com/scinfu/SwiftSoup";
			requirement = {
				kind = upToNextMajorVersion;
				minimumVersion = 2.7.5;
			};
		};
/* End XCRemoteSwiftPackageReference section */

/* Begin XCSwiftPackageProductDependency section */
		A80F79CF2C768B8900E58A79 /* SwiftSoup */ = {
			isa = XCSwiftPackageProductDependency;
			package = A80F79CE2C768B8900E58A79 /* XCRemoteSwiftPackageReference "SwiftSoup" */;
			productName = SwiftSoup;
		};
		A8BC765C2CB45568004DC661 /* SwiftSoup */ = {
			isa = XCSwiftPackageProductDependency;
			package = A80F79CE2C768B8900E58A79 /* XCRemoteSwiftPackageReference "SwiftSoup" */;
			productName = SwiftSoup;
		};
/* End XCSwiftPackageProductDependency section */

/* Begin XCVersionGroup section */
		289034682D256636007E6BF2 /* DormWash.xcdatamodeld */ = {
			isa = XCVersionGroup;
			children = (
				2890346B2D25664A007E6BF2 /* Model.xcdatamodel */,
			);
			currentVersion = 2890346B2D25664A007E6BF2 /* Model.xcdatamodel */;
			path = DormWash.xcdatamodeld;
			sourceTree = "<group>";
			versionGroupType = wrapper.xcdatamodel;
		};
/* End XCVersionGroup section */
	};
	rootObject = A80F79B42C76897400E58A79 /* Project object */;
}
